{
    "_readme": [
        "This file locks the dependencies of your project to a known state",
        "Read more about it at http://getcomposer.org/doc/01-basic-usage.md#composer-lock-the-lock-file",
        "This file is @generated automatically"
    ],
    "hash": "702bc722a79fc4c6737f9208cab3b79a",
    "packages": [
        {
            "name": "m1ke/git-php-lint",
            "version": "1.0.0",
            "source": {
                "type": "git",
                "url": "https://github.com/M1ke/git-php-lint.git",
                "reference": "88bd973ae0a91d0c94be5876d4893dc9e4ecd5af"
            },
            "dist": {
                "type": "zip",
                "url": "https://api.github.com/repos/M1ke/git-php-lint/zipball/88bd973ae0a91d0c94be5876d4893dc9e4ecd5af",
                "reference": "88bd973ae0a91d0c94be5876d4893dc9e4ecd5af",
                "shasum": ""
            },
            "type": "library",
            "notification-url": "https://packagist.org/downloads/",
            "license": [
                "MIT"
            ],
            "description": "Easily lint PHP files when commiting",
            "time": "2014-07-29 11:31:49"
        },
        {
            "name": "stripe/stripe-php",
            "version": "v1.16.0",
            "source": {
                "type": "git",
                "url": "https://github.com/stripe/stripe-php.git",
                "reference": "9401a361fa0323935002aa96f46983f9ecd880bb"
            },
            "dist": {
                "type": "zip",
                "url": "https://api.github.com/repos/stripe/stripe-php/zipball/9401a361fa0323935002aa96f46983f9ecd880bb",
                "reference": "9401a361fa0323935002aa96f46983f9ecd880bb",
                "shasum": ""
            },
            "require": {
                "ext-curl": "*",
                "ext-json": "*",
                "ext-mbstring": "*",
                "php": ">=5.2"
            },
            "require-dev": {
                "simpletest/simpletest": "*"
            },
            "type": "library",
            "autoload": {
                "classmap": [
                    "lib/Stripe/"
                ]
            },
            "notification-url": "https://packagist.org/downloads/",
            "license": [
                "MIT"
            ],
            "authors": [
                {
                    "name": "Stripe and contributors",
                    "homepage": "https://github.com/stripe/stripe-php/contributors"
                }
            ],
            "description": "Stripe PHP Library",
            "homepage": "https://stripe.com/",
            "keywords": [
                "api",
                "payment processing",
                "stripe"
            ],
            "time": "2014-06-18 00:21:25"
        }
    ],
    "packages-dev": [

    ],
    "aliases": [

    ],
    "minimum-stability": "stable",
    "stability-flags": [

    ],
    "prefer-stable": false,
    "platform": [

    ],
    "platform-dev": [

    ]
}
